#!r6rs ; -*- mode: scheme; coding: utf-8 -*-
;; This file is automatically generated - do not change it by hand.
(import (akku format lockfile))
(projects
  ((name "struct-pack")
    (location
      (git "https://github.com/weinholt/struct-pack.git"))
    (tag "v1.0.0")
    (revision "eec155b069d03c12be62444754514a8fff34d4ea")))
